
Microsoft Visual Studio Solution File, Format Version 12.00
# Visual Studio 15
VisualStudioVersion = 15.0.28307.329
MinimumVisualStudioVersion = 10.0.40219.1
Project("{8BC9CEB8-8B4A-11D0-8D11-00A0C91BC942}") = "C02", "dz\dz.vcxproj", "{4958FD1C-60B1-4FCD-8A1F-CD1D502300D3}"
EndProject
Project("{8BC9CEB8-8B4A-11D0-8D11-00A0C91BC942}") = "C22", "C22\C22.vcxproj", "{C2BC2A7D-B105-459A-9298-0E67BFD1C467}"
EndProject
Project("{8BC9CEB8-8B4A-11D0-8D11-00A0C91BC942}") = "C32", "C32\C32.vcxproj", "{F7DAE6EC-1702-4D53-824D-A5C8A6DDEDF8}"
EndProject
Project("{8BC9CEB8-8B4A-11D0-8D11-00A0C91BC942}") = "C42", "C42\C42.vcxproj", "{FC7352CB-F736-48B9-A574-AE361476AA89}"
EndProject
Global
	GlobalSection(SolutionConfigurationPlatforms) = preSolution
		Debug|x64 = Debug|x64
		Debug|x86 = Debug|x86
		Release|x64 = Release|x64
		Release|x86 = Release|x86
	EndGlobalSection
	GlobalSection(ProjectConfigurationPlatforms) = postSolution
		{4958FD1C-60B1-4FCD-8A1F-CD1D502300D3}.Debug|x64.ActiveCfg = Debug|x64
		{4958FD1C-60B1-4FCD-8A1F-CD1D502300D3}.Debug|x64.Build.0 = Debug|x64
		{4958FD1C-60B1-4FCD-8A1F-CD1D502300D3}.Debug|x86.ActiveCfg = Debug|Win32
		{4958FD1C-60B1-4FCD-8A1F-CD1D502300D3}.Debug|x86.Build.0 = Debug|Win32
		{4958FD1C-60B1-4FCD-8A1F-CD1D502300D3}.Release|x64.ActiveCfg = Release|x64
		{4958FD1C-60B1-4FCD-8A1F-CD1D502300D3}.Release|x64.Build.0 = Release|x64
		{4958FD1C-60B1-4FCD-8A1F-CD1D502300D3}.Release|x86.ActiveCfg = Release|Win32
		{4958FD1C-60B1-4FCD-8A1F-CD1D502300D3}.Release|x86.Build.0 = Release|Win32
		{C2BC2A7D-B105-459A-9298-0E67BFD1C467}.Debug|x64.ActiveCfg = Debug|x64
		{C2BC2A7D-B105-459A-9298-0E67BFD1C467}.Debug|x64.Build.0 = Debug|x64
		{C2BC2A7D-B105-459A-9298-0E67BFD1C467}.Debug|x86.ActiveCfg = Debug|Win32
		{C2BC2A7D-B105-459A-9298-0E67BFD1C467}.Debug|x86.Build.0 = Debug|Win32
		{C2BC2A7D-B105-459A-9298-0E67BFD1C467}.Release|x64.ActiveCfg = Release|x64
		{C2BC2A7D-B105-459A-9298-0E67BFD1C467}.Release|x64.Build.0 = Release|x64
		{C2BC2A7D-B105-459A-9298-0E67BFD1C467}.Release|x86.ActiveCfg = Release|Win32
		{C2BC2A7D-B105-459A-9298-0E67BFD1C467}.Release|x86.Build.0 = Release|Win32
		{F7DAE6EC-1702-4D53-824D-A5C8A6DDEDF8}.Debug|x64.ActiveCfg = Debug|x64
		{F7DAE6EC-1702-4D53-824D-A5C8A6DDEDF8}.Debug|x64.Build.0 = Debug|x64
		{F7DAE6EC-1702-4D53-824D-A5C8A6DDEDF8}.Debug|x86.ActiveCfg = Debug|Win32
		{F7DAE6EC-1702-4D53-824D-A5C8A6DDEDF8}.Debug|x86.Build.0 = Debug|Win32
		{F7DAE6EC-1702-4D53-824D-A5C8A6DDEDF8}.Release|x64.ActiveCfg = Release|x64
		{F7DAE6EC-1702-4D53-824D-A5C8A6DDEDF8}.Release|x64.Build.0 = Release|x64
		{F7DAE6EC-1702-4D53-824D-A5C8A6DDEDF8}.Release|x86.ActiveCfg = Release|Win32
		{F7DAE6EC-1702-4D53-824D-A5C8A6DDEDF8}.Release|x86.Build.0 = Release|Win32
		{FC7352CB-F736-48B9-A574-AE361476AA89}.Debug|x64.ActiveCfg = Debug|x64
		{FC7352CB-F736-48B9-A574-AE361476AA89}.Debug|x64.Build.0 = Debug|x64
		{FC7352CB-F736-48B9-A574-AE361476AA89}.Debug|x86.ActiveCfg = Debug|Win32
		{FC7352CB-F736-48B9-A574-AE361476AA89}.Debug|x86.Build.0 = Debug|Win32
		{FC7352CB-F736-48B9-A574-AE361476AA89}.Release|x64.ActiveCfg = Release|x64
		{FC7352CB-F736-48B9-A574-AE361476AA89}.Release|x64.Build.0 = Release|x64
		{FC7352CB-F736-48B9-A574-AE361476AA89}.Release|x86.ActiveCfg = Release|Win32
		{FC7352CB-F736-48B9-A574-AE361476AA89}.Release|x86.Build.0 = Release|Win32
	EndGlobalSection
	GlobalSection(SolutionProperties) = preSolution
		HideSolutionNode = FALSE
	EndGlobalSection
	GlobalSection(ExtensibilityGlobals) = postSolution
		SolutionGuid = {AB6F1714-EE6A-4F22-A18F-30E85981440F}
	EndGlobalSection
EndGlobal
